
Microsoft Visual Studio Solution File, Format Version 12.00
# Visual Studio Version 16
VisualStudioVersion = 16.0.32228.343
MinimumVisualStudioVersion = 10.0.40219.1
Project("{F184B08F-C81C-45F6-A57F-5ABD9991F28F}") = "TrialApp", "TrialApp\TrialApp.vbproj", "{AFAA3C73-600C-4DB5-BF3F-8E6EC3B25BF6}"
EndProject
Global
	GlobalSection(SolutionConfigurationPlatforms) = preSolution
		Debug|Any CPU = Debug|Any CPU
		Release|Any CPU = Release|Any CPU
	EndGlobalSection
	GlobalSection(ProjectConfigurationPlatforms) = postSolution
		{AFAA3C73-600C-4DB5-BF3F-8E6EC3B25BF6}.Debug|Any CPU.ActiveCfg = Debug|Any CPU
		{AFAA3C73-600C-4DB5-BF3F-8E6EC3B25BF6}.Debug|Any CPU.Build.0 = Debug|Any CPU
		{AFAA3C73-600C-4DB5-BF3F-8E6EC3B25BF6}.Release|Any CPU.ActiveCfg = Release|Any CPU
		{AFAA3C73-600C-4DB5-BF3F-8E6EC3B25BF6}.Release|Any CPU.Build.0 = Release|Any CPU
	EndGlobalSection
	GlobalSection(SolutionProperties) = preSolution
		HideSolutionNode = FALSE
	EndGlobalSection
	GlobalSection(ExtensibilityGlobals) = postSolution
		SolutionGuid = {A91FA9DC-6CA6-42CA-B7B6-0D5D75DDE0C1}
	EndGlobalSection
EndGlobal
